
Microsoft Visual Studio Solution File, Format Version 12.00
# Visual Studio Version 17
VisualStudioVersion = 17.0.31903.59
MinimumVisualStudioVersion = 10.0.40219.1
Project("{FAE04EC0-301F-11D3-BF4B-00C04F79EFBC}") = "GymPlatform.Api", "GymPlatform.Api\GymPlatform.Api.csproj", "{015747BD-4768-4909-8984-7DDF5BDD0801}"
EndProject
Project("{FAE04EC0-301F-11D3-BF4B-00C04F79EFBC}") = "GymPlatform.SharedKernel", "GymPlatform.SharedKernel\GymPlatform.SharedKernel.csproj", "{98F0743C-4926-43BB-8E1F-EB471A920487}"
EndProject
Project("{FAE04EC0-301F-11D3-BF4B-00C04F79EFBC}") = "GymPlatform.Infrastructure", "GymPlatform.Infrastructure\GymPlatform.Infrastructure.csproj", "{A71B38FD-A2EC-4B22-AD23-89DF5CDF7090}"
EndProject
Project("{FAE04EC0-301F-11D3-BF4B-00C04F79EFBC}") = "GymPlatform.Modules.Membership", "GymPlatform.Modules.Membership\GymPlatform.Modules.Membership.csproj", "{F0D6693A-8BE4-4050-B780-5AD8B06CB6FE}"
EndProject
Project("{FAE04EC0-301F-11D3-BF4B-00C04F79EFBC}") = "GymPlatform.Modules.Training", "GymPlatform.Modules.Training\GymPlatform.Modules.Training.csproj", "{B38B4500-7E9A-4821-9489-08DA44236619}"
EndProject
Project("{FAE04EC0-301F-11D3-BF4B-00C04F79EFBC}") = "GymPlatform.Modules.Financial", "GymPlatform.Modules.Financial\GymPlatform.Modules.Financial.csproj", "{2172E6FE-8525-4329-B2CA-A05044B93DD8}"
EndProject
Project("{FAE04EC0-301F-11D3-BF4B-00C04F79EFBC}") = "GymPlatform.Modules.Communication", "GymPlatform.Modules.Communication\GymPlatform.Modules.Communication.csproj", "{4DF8813C-DBF8-4493-A93F-C86A116117DA}"
EndProject
Global
	GlobalSection(SolutionConfigurationPlatforms) = preSolution
		Debug|Any CPU = Debug|Any CPU
		Debug|x64 = Debug|x64
		Debug|x86 = Debug|x86
		Release|Any CPU = Release|Any CPU
		Release|x64 = Release|x64
		Release|x86 = Release|x86
	EndGlobalSection
	GlobalSection(ProjectConfigurationPlatforms) = postSolution
		{015747BD-4768-4909-8984-7DDF5BDD0801}.Debug|Any CPU.ActiveCfg = Debug|Any CPU
		{015747BD-4768-4909-8984-7DDF5BDD0801}.Debug|Any CPU.Build.0 = Debug|Any CPU
		{015747BD-4768-4909-8984-7DDF5BDD0801}.Debug|x64.ActiveCfg = Debug|Any CPU
		{015747BD-4768-4909-8984-7DDF5BDD0801}.Debug|x64.Build.0 = Debug|Any CPU
		{015747BD-4768-4909-8984-7DDF5BDD0801}.Debug|x86.ActiveCfg = Debug|Any CPU
		{015747BD-4768-4909-8984-7DDF5BDD0801}.Debug|x86.Build.0 = Debug|Any CPU
		{015747BD-4768-4909-8984-7DDF5BDD0801}.Release|Any CPU.ActiveCfg = Release|Any CPU
		{015747BD-4768-4909-8984-7DDF5BDD0801}.Release|Any CPU.Build.0 = Release|Any CPU
		{015747BD-4768-4909-8984-7DDF5BDD0801}.Release|x64.ActiveCfg = Release|Any CPU
		{015747BD-4768-4909-8984-7DDF5BDD0801}.Release|x64.Build.0 = Release|Any CPU
		{015747BD-4768-4909-8984-7DDF5BDD0801}.Release|x86.ActiveCfg = Release|Any CPU
		{015747BD-4768-4909-8984-7DDF5BDD0801}.Release|x86.Build.0 = Release|Any CPU
		{98F0743C-4926-43BB-8E1F-EB471A920487}.Debug|Any CPU.ActiveCfg = Debug|Any CPU
		{98F0743C-4926-43BB-8E1F-EB471A920487}.Debug|Any CPU.Build.0 = Debug|Any CPU
		{98F0743C-4926-43BB-8E1F-EB471A920487}.Debug|x64.ActiveCfg = Debug|Any CPU
		{98F0743C-4926-43BB-8E1F-EB471A920487}.Debug|x64.Build.0 = Debug|Any CPU
		{98F0743C-4926-43BB-8E1F-EB471A920487}.Debug|x86.ActiveCfg = Debug|Any CPU
		{98F0743C-4926-43BB-8E1F-EB471A920487}.Debug|x86.Build.0 = Debug|Any CPU
		{98F0743C-4926-43BB-8E1F-EB471A920487}.Release|Any CPU.ActiveCfg = Release|Any CPU
		{98F0743C-4926-43BB-8E1F-EB471A920487}.Release|Any CPU.Build.0 = Release|Any CPU
		{98F0743C-4926-43BB-8E1F-EB471A920487}.Release|x64.ActiveCfg = Release|Any CPU
		{98F0743C-4926-43BB-8E1F-EB471A920487}.Release|x64.Build.0 = Release|Any CPU
		{98F0743C-4926-43BB-8E1F-EB471A920487}.Release|x86.ActiveCfg = Release|Any CPU
		{98F0743C-4926-43BB-8E1F-EB471A920487}.Release|x86.Build.0 = Release|Any CPU
		{A71B38FD-A2EC-4B22-AD23-89DF5CDF7090}.Debug|Any CPU.ActiveCfg = Debug|Any CPU
		{A71B38FD-A2EC-4B22-AD23-89DF5CDF7090}.Debug|Any CPU.Build.0 = Debug|Any CPU
		{A71B38FD-A2EC-4B22-AD23-89DF5CDF7090}.Debug|x64.ActiveCfg = Debug|Any CPU
		{A71B38FD-A2EC-4B22-AD23-89DF5CDF7090}.Debug|x64.Build.0 = Debug|Any CPU
		{A71B38FD-A2EC-4B22-AD23-89DF5CDF7090}.Debug|x86.ActiveCfg = Debug|Any CPU
		{A71B38FD-A2EC-4B22-AD23-89DF5CDF7090}.Debug|x86.Build.0 = Debug|Any CPU
		{A71B38FD-A2EC-4B22-AD23-89DF5CDF7090}.Release|Any CPU.ActiveCfg = Release|Any CPU
		{A71B38FD-A2EC-4B22-AD23-89DF5CDF7090}.Release|Any CPU.Build.0 = Release|Any CPU
		{A71B38FD-A2EC-4B22-AD23-89DF5CDF7090}.Release|x64.ActiveCfg = Release|Any CPU
		{A71B38FD-A2EC-4B22-AD23-89DF5CDF7090}.Release|x64.Build.0 = Release|Any CPU
		{A71B38FD-A2EC-4B22-AD23-89DF5CDF7090}.Release|x86.ActiveCfg = Release|Any CPU
		{A71B38FD-A2EC-4B22-AD23-89DF5CDF7090}.Release|x86.Build.0 = Release|Any CPU
		{F0D6693A-8BE4-4050-B780-5AD8B06CB6FE}.Debug|Any CPU.ActiveCfg = Debug|Any CPU
		{F0D6693A-8BE4-4050-B780-5AD8B06CB6FE}.Debug|Any CPU.Build.0 = Debug|Any CPU
		{F0D6693A-8BE4-4050-B780-5AD8B06CB6FE}.Debug|x64.ActiveCfg = Debug|Any CPU
		{F0D6693A-8BE4-4050-B780-5AD8B06CB6FE}.Debug|x64.Build.0 = Debug|Any CPU
		{F0D6693A-8BE4-4050-B780-5AD8B06CB6FE}.Debug|x86.ActiveCfg = Debug|Any CPU
		{F0D6693A-8BE4-4050-B780-5AD8B06CB6FE}.Debug|x86.Build.0 = Debug|Any CPU
		{F0D6693A-8BE4-4050-B780-5AD8B06CB6FE}.Release|Any CPU.ActiveCfg = Release|Any CPU
		{F0D6693A-8BE4-4050-B780-5AD8B06CB6FE}.Release|Any CPU.Build.0 = Release|Any CPU
		{F0D6693A-8BE4-4050-B780-5AD8B06CB6FE}.Release|x64.ActiveCfg = Release|Any CPU
		{F0D6693A-8BE4-4050-B780-5AD8B06CB6FE}.Release|x64.Build.0 = Release|Any CPU
		{F0D6693A-8BE4-4050-B780-5AD8B06CB6FE}.Release|x86.ActiveCfg = Release|Any CPU
		{F0D6693A-8BE4-4050-B780-5AD8B06CB6FE}.Release|x86.Build.0 = Release|Any CPU
		{B38B4500-7E9A-4821-9489-08DA44236619}.Debug|Any CPU.ActiveCfg = Debug|Any CPU
		{B38B4500-7E9A-4821-9489-08DA44236619}.Debug|Any CPU.Build.0 = Debug|Any CPU
		{B38B4500-7E9A-4821-9489-08DA44236619}.Debug|x64.ActiveCfg = Debug|Any CPU
		{B38B4500-7E9A-4821-9489-08DA44236619}.Debug|x64.Build.0 = Debug|Any CPU
		{B38B4500-7E9A-4821-9489-08DA44236619}.Debug|x86.ActiveCfg = Debug|Any CPU
		{B38B4500-7E9A-4821-9489-08DA44236619}.Debug|x86.Build.0 = Debug|Any CPU
		{B38B4500-7E9A-4821-9489-08DA44236619}.Release|Any CPU.ActiveCfg = Release|Any CPU
		{B38B4500-7E9A-4821-9489-08DA44236619}.Release|Any CPU.Build.0 = Release|Any CPU
		{B38B4500-7E9A-4821-9489-08DA44236619}.Release|x64.ActiveCfg = Release|Any CPU
		{B38B4500-7E9A-4821-9489-08DA44236619}.Release|x64.Build.0 = Release|Any CPU
		{B38B4500-7E9A-4821-9489-08DA44236619}.Release|x86.ActiveCfg = Release|Any CPU
		{B38B4500-7E9A-4821-9489-08DA44236619}.Release|x86.Build.0 = Release|Any CPU
		{2172E6FE-8525-4329-B2CA-A05044B93DD8}.Debug|Any CPU.ActiveCfg = Debug|Any CPU
		{2172E6FE-8525-4329-B2CA-A05044B93DD8}.Debug|Any CPU.Build.0 = Debug|Any CPU
		{2172E6FE-8525-4329-B2CA-A05044B93DD8}.Debug|x64.ActiveCfg = Debug|Any CPU
		{2172E6FE-8525-4329-B2CA-A05044B93DD8}.Debug|x64.Build.0 = Debug|Any CPU
		{2172E6FE-8525-4329-B2CA-A05044B93DD8}.Debug|x86.ActiveCfg = Debug|Any CPU
		{2172E6FE-8525-4329-B2CA-A05044B93DD8}.Debug|x86.Build.0 = Debug|Any CPU
		{2172E6FE-8525-4329-B2CA-A05044B93DD8}.Release|Any CPU.ActiveCfg = Release|Any CPU
		{2172E6FE-8525-4329-B2CA-A05044B93DD8}.Release|Any CPU.Build.0 = Release|Any CPU
		{2172E6FE-8525-4329-B2CA-A05044B93DD8}.Release|x64.ActiveCfg = Release|Any CPU
		{2172E6FE-8525-4329-B2CA-A05044B93DD8}.Release|x64.Build.0 = Release|Any CPU
		{2172E6FE-8525-4329-B2CA-A05044B93DD8}.Release|x86.ActiveCfg = Release|Any CPU
		{2172E6FE-8525-4329-B2CA-A05044B93DD8}.Release|x86.Build.0 = Release|Any CPU
		{4DF8813C-DBF8-4493-A93F-C86A116117DA}.Debug|Any CPU.ActiveCfg = Debug|Any CPU
		{4DF8813C-DBF8-4493-A93F-C86A116117DA}.Debug|Any CPU.Build.0 = Debug|Any CPU
		{4DF8813C-DBF8-4493-A93F-C86A116117DA}.Debug|x64.ActiveCfg = Debug|Any CPU
		{4DF8813C-DBF8-4493-A93F-C86A116117DA}.Debug|x64.Build.0 = Debug|Any CPU
		{4DF8813C-DBF8-4493-A93F-C86A116117DA}.Debug|x86.ActiveCfg = Debug|Any CPU
		{4DF8813C-DBF8-4493-A93F-C86A116117DA}.Debug|x86.Build.0 = Debug|Any CPU
		{4DF8813C-DBF8-4493-A93F-C86A116117DA}.Release|Any CPU.ActiveCfg = Release|Any CPU
		{4DF8813C-DBF8-4493-A93F-C86A116117DA}.Release|Any CPU.Build.0 = Release|Any CPU
		{4DF8813C-DBF8-4493-A93F-C86A116117DA}.Release|x64.ActiveCfg = Release|Any CPU
		{4DF8813C-DBF8-4493-A93F-C86A116117DA}.Release|x64.Build.0 = Release|Any CPU
		{4DF8813C-DBF8-4493-A93F-C86A116117DA}.Release|x86.ActiveCfg = Release|Any CPU
		{4DF8813C-DBF8-4493-A93F-C86A116117DA}.Release|x86.Build.0 = Release|Any CPU
	EndGlobalSection
	GlobalSection(SolutionProperties) = preSolution
		HideSolutionNode = FALSE
	EndGlobalSection
EndGlobal
